
Microsoft Visual Studio Solution File, Format Version 12.00
Project("{FAE04EC0-301F-11D3-BF4B-00C04F79EFBC}") = "UrbanLand.Web", "src\host\UrbanLand.Web\UrbanLand.Web.csproj", "{AD7771F8-01EE-4695-A633-B58F8DE749F1}"
EndProject
Project("{FAE04EC0-301F-11D3-BF4B-00C04F79EFBC}") = "SharedKernel", "src\shared\SharedKernel\SharedKernel.csproj", "{B018B33D-1000-4DF5-80C5-93A8A4087975}"
EndProject
Project("{FAE04EC0-301F-11D3-BF4B-00C04F79EFBC}") = "SharedKernel.Infrastructure", "src\shared\SharedKernel.Infrastructure\SharedKernel.Infrastructure.csproj", "{1F52D286-68B9-4F2E-8AF9-B04F8F4A4ECF}"
EndProject
Project("{FAE04EC0-301F-11D3-BF4B-00C04F79EFBC}") = "ProjectManagement.Domain", "src\contexts\ProjectManagement\ProjectManagement.Domain\ProjectManagement.Domain.csproj", "{27E2004E-A505-45A4-A536-4872E3C6D635}"
EndProject
Project("{FAE04EC0-301F-11D3-BF4B-00C04F79EFBC}") = "SceneDesign.Domain", "src\contexts\SceneDesign\SceneDesign.Domain\SceneDesign.Domain.csproj", "{03A09B2B-888E-4028-A84F-409AC067180B}"
EndProject
Project("{FAE04EC0-301F-11D3-BF4B-00C04F79EFBC}") = "AssetCatalog.Domain", "src\contexts\AssetCatalog\AssetCatalog.Domain\AssetCatalog.Domain.csproj", "{A8D11B6B-811A-4120-9362-C5CC4E384B2D}"
EndProject
Project("{FAE04EC0-301F-11D3-BF4B-00C04F79EFBC}") = "ProjectManagement.Application", "src\contexts\ProjectManagement\ProjectManagement.Application\ProjectManagement.Application.csproj", "{D870A3B1-7281-4FCE-AFCF-EFB9BCC6EDE9}"
EndProject
Project("{FAE04EC0-301F-11D3-BF4B-00C04F79EFBC}") = "ProjectManagement.Infrastructure", "src\contexts\ProjectManagement\ProjectManagement.Infrastructure\ProjectManagement.Infrastructure.csproj", "{64643217-13FB-4D28-A1C8-BC7C4E8D3003}"
EndProject
Project("{FAE04EC0-301F-11D3-BF4B-00C04F79EFBC}") = "ProjectManagement.Presentation", "src\contexts\ProjectManagement\ProjectManagement.Presentation\ProjectManagement.Presentation.csproj", "{B7B27E9B-D0B0-43B9-8382-0D5E3340D9F3}"
EndProject
Project("{FAE04EC0-301F-11D3-BF4B-00C04F79EFBC}") = "SceneDesign.Application", "src\contexts\SceneDesign\SceneDesign.Application\SceneDesign.Application.csproj", "{7BB80A05-1604-450D-9966-3A06916AB6E7}"
EndProject
Project("{FAE04EC0-301F-11D3-BF4B-00C04F79EFBC}") = "SceneDesign.Infrastructure", "src\contexts\SceneDesign\SceneDesign.Infrastructure\SceneDesign.Infrastructure.csproj", "{9020B636-EC47-4AD3-BAF3-7FCD6E3C4228}"
EndProject
Project("{FAE04EC0-301F-11D3-BF4B-00C04F79EFBC}") = "SceneDesign.Presentation", "src\contexts\SceneDesign\SceneDesign.Presentation\SceneDesign.Presentation.csproj", "{D2083E8C-10D5-4C37-A8FB-FF86236BF854}"
EndProject
Project("{FAE04EC0-301F-11D3-BF4B-00C04F79EFBC}") = "AssetCatalog.Application", "src\contexts\AssetCatalog\AssetCatalog.Application\AssetCatalog.Application.csproj", "{BD53BA84-F30C-4533-939B-CA0BAEEA49E8}"
EndProject
Project("{FAE04EC0-301F-11D3-BF4B-00C04F79EFBC}") = "AssetCatalog.Infrastructure", "src\contexts\AssetCatalog\AssetCatalog.Infrastructure\AssetCatalog.Infrastructure.csproj", "{131C6682-BC9A-43B2-BFC3-25A93D3BA365}"
EndProject
Project("{FAE04EC0-301F-11D3-BF4B-00C04F79EFBC}") = "AssetCatalog.Presentation", "src\contexts\AssetCatalog\AssetCatalog.Presentation\AssetCatalog.Presentation.csproj", "{DF22CFC5-9B15-403B-8BE5-34197955A79A}"
EndProject
Global
	GlobalSection(SolutionConfigurationPlatforms) = preSolution
		Debug|Any CPU = Debug|Any CPU
		Release|Any CPU = Release|Any CPU
	EndGlobalSection
	GlobalSection(ProjectConfigurationPlatforms) = postSolution
		{AD7771F8-01EE-4695-A633-B58F8DE749F1}.Debug|Any CPU.ActiveCfg = Debug|Any CPU
		{AD7771F8-01EE-4695-A633-B58F8DE749F1}.Debug|Any CPU.Build.0 = Debug|Any CPU
		{AD7771F8-01EE-4695-A633-B58F8DE749F1}.Release|Any CPU.ActiveCfg = Release|Any CPU
		{AD7771F8-01EE-4695-A633-B58F8DE749F1}.Release|Any CPU.Build.0 = Release|Any CPU
		{B018B33D-1000-4DF5-80C5-93A8A4087975}.Debug|Any CPU.ActiveCfg = Debug|Any CPU
		{B018B33D-1000-4DF5-80C5-93A8A4087975}.Debug|Any CPU.Build.0 = Debug|Any CPU
		{B018B33D-1000-4DF5-80C5-93A8A4087975}.Release|Any CPU.ActiveCfg = Release|Any CPU
		{B018B33D-1000-4DF5-80C5-93A8A4087975}.Release|Any CPU.Build.0 = Release|Any CPU
		{1F52D286-68B9-4F2E-8AF9-B04F8F4A4ECF}.Debug|Any CPU.ActiveCfg = Debug|Any CPU
		{1F52D286-68B9-4F2E-8AF9-B04F8F4A4ECF}.Debug|Any CPU.Build.0 = Debug|Any CPU
		{1F52D286-68B9-4F2E-8AF9-B04F8F4A4ECF}.Release|Any CPU.ActiveCfg = Release|Any CPU
		{1F52D286-68B9-4F2E-8AF9-B04F8F4A4ECF}.Release|Any CPU.Build.0 = Release|Any CPU
		{27E2004E-A505-45A4-A536-4872E3C6D635}.Debug|Any CPU.ActiveCfg = Debug|Any CPU
		{27E2004E-A505-45A4-A536-4872E3C6D635}.Debug|Any CPU.Build.0 = Debug|Any CPU
		{27E2004E-A505-45A4-A536-4872E3C6D635}.Release|Any CPU.ActiveCfg = Release|Any CPU
		{27E2004E-A505-45A4-A536-4872E3C6D635}.Release|Any CPU.Build.0 = Release|Any CPU
		{03A09B2B-888E-4028-A84F-409AC067180B}.Debug|Any CPU.ActiveCfg = Debug|Any CPU
		{03A09B2B-888E-4028-A84F-409AC067180B}.Debug|Any CPU.Build.0 = Debug|Any CPU
		{03A09B2B-888E-4028-A84F-409AC067180B}.Release|Any CPU.ActiveCfg = Release|Any CPU
		{03A09B2B-888E-4028-A84F-409AC067180B}.Release|Any CPU.Build.0 = Release|Any CPU
		{A8D11B6B-811A-4120-9362-C5CC4E384B2D}.Debug|Any CPU.ActiveCfg = Debug|Any CPU
		{A8D11B6B-811A-4120-9362-C5CC4E384B2D}.Debug|Any CPU.Build.0 = Debug|Any CPU
		{A8D11B6B-811A-4120-9362-C5CC4E384B2D}.Release|Any CPU.ActiveCfg = Release|Any CPU
		{A8D11B6B-811A-4120-9362-C5CC4E384B2D}.Release|Any CPU.Build.0 = Release|Any CPU
		{D870A3B1-7281-4FCE-AFCF-EFB9BCC6EDE9}.Debug|Any CPU.ActiveCfg = Debug|Any CPU
		{D870A3B1-7281-4FCE-AFCF-EFB9BCC6EDE9}.Debug|Any CPU.Build.0 = Debug|Any CPU
		{D870A3B1-7281-4FCE-AFCF-EFB9BCC6EDE9}.Release|Any CPU.ActiveCfg = Release|Any CPU
		{D870A3B1-7281-4FCE-AFCF-EFB9BCC6EDE9}.Release|Any CPU.Build.0 = Release|Any CPU
		{64643217-13FB-4D28-A1C8-BC7C4E8D3003}.Debug|Any CPU.ActiveCfg = Debug|Any CPU
		{64643217-13FB-4D28-A1C8-BC7C4E8D3003}.Debug|Any CPU.Build.0 = Debug|Any CPU
		{64643217-13FB-4D28-A1C8-BC7C4E8D3003}.Release|Any CPU.ActiveCfg = Release|Any CPU
		{64643217-13FB-4D28-A1C8-BC7C4E8D3003}.Release|Any CPU.Build.0 = Release|Any CPU
		{B7B27E9B-D0B0-43B9-8382-0D5E3340D9F3}.Debug|Any CPU.ActiveCfg = Debug|Any CPU
		{B7B27E9B-D0B0-43B9-8382-0D5E3340D9F3}.Debug|Any CPU.Build.0 = Debug|Any CPU
		{B7B27E9B-D0B0-43B9-8382-0D5E3340D9F3}.Release|Any CPU.ActiveCfg = Release|Any CPU
		{B7B27E9B-D0B0-43B9-8382-0D5E3340D9F3}.Release|Any CPU.Build.0 = Release|Any CPU
		{7BB80A05-1604-450D-9966-3A06916AB6E7}.Debug|Any CPU.ActiveCfg = Debug|Any CPU
		{7BB80A05-1604-450D-9966-3A06916AB6E7}.Debug|Any CPU.Build.0 = Debug|Any CPU
		{7BB80A05-1604-450D-9966-3A06916AB6E7}.Release|Any CPU.ActiveCfg = Release|Any CPU
		{7BB80A05-1604-450D-9966-3A06916AB6E7}.Release|Any CPU.Build.0 = Release|Any CPU
		{9020B636-EC47-4AD3-BAF3-7FCD6E3C4228}.Debug|Any CPU.ActiveCfg = Debug|Any CPU
		{9020B636-EC47-4AD3-BAF3-7FCD6E3C4228}.Debug|Any CPU.Build.0 = Debug|Any CPU
		{9020B636-EC47-4AD3-BAF3-7FCD6E3C4228}.Release|Any CPU.ActiveCfg = Release|Any CPU
		{9020B636-EC47-4AD3-BAF3-7FCD6E3C4228}.Release|Any CPU.Build.0 = Release|Any CPU
		{D2083E8C-10D5-4C37-A8FB-FF86236BF854}.Debug|Any CPU.ActiveCfg = Debug|Any CPU
		{D2083E8C-10D5-4C37-A8FB-FF86236BF854}.Debug|Any CPU.Build.0 = Debug|Any CPU
		{D2083E8C-10D5-4C37-A8FB-FF86236BF854}.Release|Any CPU.ActiveCfg = Release|Any CPU
		{D2083E8C-10D5-4C37-A8FB-FF86236BF854}.Release|Any CPU.Build.0 = Release|Any CPU
		{BD53BA84-F30C-4533-939B-CA0BAEEA49E8}.Debug|Any CPU.ActiveCfg = Debug|Any CPU
		{BD53BA84-F30C-4533-939B-CA0BAEEA49E8}.Debug|Any CPU.Build.0 = Debug|Any CPU
		{BD53BA84-F30C-4533-939B-CA0BAEEA49E8}.Release|Any CPU.ActiveCfg = Release|Any CPU
		{BD53BA84-F30C-4533-939B-CA0BAEEA49E8}.Release|Any CPU.Build.0 = Release|Any CPU
		{131C6682-BC9A-43B2-BFC3-25A93D3BA365}.Debug|Any CPU.ActiveCfg = Debug|Any CPU
		{131C6682-BC9A-43B2-BFC3-25A93D3BA365}.Debug|Any CPU.Build.0 = Debug|Any CPU
		{131C6682-BC9A-43B2-BFC3-25A93D3BA365}.Release|Any CPU.ActiveCfg = Release|Any CPU
		{131C6682-BC9A-43B2-BFC3-25A93D3BA365}.Release|Any CPU.Build.0 = Release|Any CPU
		{DF22CFC5-9B15-403B-8BE5-34197955A79A}.Debug|Any CPU.ActiveCfg = Debug|Any CPU
		{DF22CFC5-9B15-403B-8BE5-34197955A79A}.Debug|Any CPU.Build.0 = Debug|Any CPU
		{DF22CFC5-9B15-403B-8BE5-34197955A79A}.Release|Any CPU.ActiveCfg = Release|Any CPU
		{DF22CFC5-9B15-403B-8BE5-34197955A79A}.Release|Any CPU.Build.0 = Release|Any CPU
	EndGlobalSection
EndGlobal
